// !$*UTF8*$!
{
	archiveVersion = 1;
	classes = {
	};
	objectVersion = 46;
	objects = {

/* Begin PBXBuildFile section */
		BC65F2F61D44A17900F5F2A3 /* AppDelegate.swift in Sources */ = {isa = PBXBuildFile; fileRef = BC65F2F51D44A17900F5F2A3 /* AppDelegate.swift */; };
		BC65F2F81D44A17900F5F2A3 /* ViewController.swift in Sources */ = {isa = PBXBuildFile; fileRef = BC65F2F71D44A17900F5F2A3 /* ViewController.swift */; };
		BC65F2FB1D44A17900F5F2A3 /* Main.storyboard in Resources */ = {isa = PBXBuildFile; fileRef = BC65F2F91D44A17900F5F2A3 /* Main.storyboard */; };
		BC65F2FD1D44A17900F5F2A3 /* Assets.xcassets in Resources */ = {isa = PBXBuildFile; fileRef = BC65F2FC1D44A17900F5F2A3 /* Assets.xcassets */; };
		BC65F3001D44A17900F5F2A3 /* LaunchScreen.storyboard in Resources */ = {isa = PBXBuildFile; fileRef = BC65F2FE1D44A17900F5F2A3 /* LaunchScreen.storyboard */; };
/* End PBXBuildFile section */

/* Begin PBXFileReference section */
		BC65F2F21D44A17900F5F2A3 /* f03.app */ = {isa = PBXFileReference; explicitFileType = wrapper.application; includeInIndex = 0; path = f03.app; sourceTree = BUILT_PRODUCTS_DIR; };
		BC65F2F51D44A17900F5F2A3 /* AppDelegate.swift */ = {isa = PBXFileReference; lastKnownFileType = sourcecode.swift; path = AppDelegate.swift; sourceTree = "<group>"; };
		BC65F2F71D44A17900F5F2A3 /* ViewController.swift */ = {isa = PBXFileReference; lastKnownFileType = sourcecode.swift; path = ViewController.swift; sourceTree = "<group>"; };
		BC65F2FA1D44A17900F5F2A3 /* Base */ = {isa = PBXFileReference; lastKnownFileType = file.storyboard; name = Base; path = Base.lproj/Main.storyboard; sourceTree = "<group>"; };
		BC65F2FC1D44A17900F5F2A3 /* Assets.xcassets */ = {isa = PBXFileReference; lastKnownFileType = folder.assetcatalog; path = Assets.xcassets; sourceTree = "<group>"; };
		BC65F2FF1D44A17900F5F2A3 /* Base */ = {isa = PBXFileReference; lastKnownFileType = file.storyboard; name = Base; path = Base.lproj/LaunchScreen.storyboard; sourceTree = "<group>"; };
		BC65F3011D44A17900F5F2A3 /* Info.plist */ = {isa = PBXFileReference; lastKnownFileType = text.plist.xml; path = Info.plist; sourceTree = "<group>"; };
/* End PBXFileReference section */

/* Begin PBXFrameworksBuildPhase section */
		BC65F2EF1D44A17900F5F2A3 /* Frameworks */ = {
			isa = PBXFrameworksBuildPhase;
			buildActionMask = 2147483647;
			files = (
			);
			runOnlyForDeploymentPostprocessing = 0;
		};
/* End PBXFrameworksBuildPhase section */

/* Begin PBXGroup section */
		BC65F2E91D44A17900F5F2A3 = {
			isa = PBXGroup;
			children = (
				BC65F2F41D44A17900F5F2A3 /* f03 */,
				BC65F2F31D44A17900F5F2A3 /* Products */,
			);
			sourceTree = "<group>";
		};
		BC65F2F31D44A17900F5F2A3 /* Products */ = {
			isa = PBXGroup;
			children = (
				BC65F2F21D44A17900F5F2A3 /* f03.app */,
			);
			name = Products;
			sourceTree = "<group>";
		};
		BC65F2F41D44A17900F5F2A3 /* f03 */ = {
			isa = PBXGroup;
			children = (
				BC65F2F51D44A17900F5F2A3 /* AppDelegate.swift */,
				BC65F2F71D44A17900F5F2A3 /* ViewController.swift */,
				BC65F2F91D44A17900F5F2A3 /* Main.storyboard */,
				BC65F2FC1D44A17900F5F2A3 /* Assets.xcassets */,
				BC65F2FE1D44A17900F5F2A3 /* LaunchScreen.storyboard */,
				BC65F3011D44A17900F5F2A3 /* Info.plist */,
			);
			path = f03;
			sourceTree = "<group>";
		};
/* End PBXGroup section */

/* Begin PBXNativeTarget section */
		BC65F2F11D44A17900F5F2A3 /* f03 */ = {
			isa = PBXNativeTarget;
			buildConfigurationList = BC65F3041D44A17900F5F2A3 /* Build configuration list for PBXNativeTarget "f03" */;
			buildPhases = (
				BC65F2EE1D44A17900F5F2A3 /* Sources */,
				BC65F2EF1D44A17900F5F2A3 /* Frameworks */,
				BC65F2F01D44A17900F5F2A3 /* Resources */,
			);
			buildRules = (
			);
			dependencies = (
			);
			name = f03;
			productName = f03;
			productReference = BC65F2F21D44A17900F5F2A3 /* f03.app */;
			productType = "com.apple.product-type.application";
		};
/* End PBXNativeTarget section */

/* Begin PBXProject section */
		BC65F2EA1D44A17900F5F2A3 /* Project object */ = {
			isa = PBXProject;
			attributes = {
				LastSwiftUpdateCheck = 0730;
				LastUpgradeCheck = 0730;
				ORGANIZATIONNAME = "Denis Kartashev";
				TargetAttributes = {
					BC65F2F11D44A17900F5F2A3 = {
						CreatedOnToolsVersion = 7.3.1;
					};
				};
			};
			buildConfigurationList = BC65F2ED1D44A17900F5F2A3 /* Build configuration list for PBXProject "f03" */;
			compatibilityVersion = "Xcode 3.2";
			developmentRegion = English;
			hasScannedForEncodings = 0;
			knownRegions = (
				en,
				Base,
			);
			mainGroup = BC65F2E91D44A17900F5F2A3;
			productRefGroup = BC65F2F31D44A17900F5F2A3 /* Products */;
			projectDirPath = "";
			projectRoot = "";
			targets = (
				BC65F2F11D44A17900F5F2A3 /* f03 */,
			);
		};
/* End PBXProject section */

/* Begin PBXResourcesBuildPhase section */
		BC65F2F01D44A17900F5F2A3 /* Resources */ = {
			isa = PBXResourcesBuildPhase;
			buildActionMask = 2147483647;
			files = (
				BC65F3001D44A17900F5F2A3 /* LaunchScreen.storyboard in Resources */,
				BC65F2FD1D44A17900F5F2A3 /* Assets.xcassets in Resources */,
				BC65F2FB1D44A17900F5F2A3 /* Main.storyboard in Resources */,
			);
			runOnlyForDeploymentPostprocessing = 0;
		};
/* End PBXResourcesBuildPhase section */

/* Begin PBXSourcesBuildPhase section */
		BC65F2EE1D44A17900F5F2A3 /* Sources */ = {
			isa = PBXSourcesBuildPhase;
			buildActionMask = 2147483647;
			files = (
				BC65F2F81D44A17900F5F2A3 /* ViewController.swift in Sources */,
				BC65F2F61D44A17900F5F2A3 /* AppDelegate.swift in Sources */,
			);
			runOnlyForDeploymentPostprocessing = 0;
		};
/* End PBXSourcesBuildPhase section */

/* Begin PBXVariantGroup section */
		BC65F2F91D44A17900F5F2A3 /* Main.storyboard */ = {
			isa = PBXVariantGroup;
			children = (
				BC65F2FA1D44A17900F5F2A3 /* Base */,
			);
			name = Main.storyboard;
			sourceTree = "<group>";
		};
		BC65F2FE1D44A17900F5F2A3 /* LaunchScreen.storyboard */ = {
			isa = PBXVariantGroup;
			children = (
				BC65F2FF1D44A17900F5F2A3 /* Base */,
			);
			name = LaunchScreen.storyboard;
			sourceTree = "<group>";
		};
/* End PBXVariantGroup section */

/* Begin XCBuildConfiguration section */
		BC65F3021D44A17900F5F2A3 /* Debug */ = {
			isa = XCBuildConfiguration;
			buildSettings = {
				ALWAYS_SEARCH_USER_PATHS = NO;
				CLANG_ANALYZER_NONNULL = YES;
				CLANG_CXX_LANGUAGE_STANDARD = "gnu++0x";
				CLANG_CXX_LIBRARY = "libc++";
				CLANG_ENABLE_MODULES = YES;
				CLANG_ENABLE_OBJC_ARC = YES;
				CLANG_WARN_BOOL_CONVERSION = YES;
				CLANG_WARN_CONSTANT_CONVERSION = YES;
				CLANG_WARN_DIRECT_OBJC_ISA_USAGE = YES_ERROR;
				CLANG_WARN_EMPTY_BODY = YES;
				CLANG_WARN_ENUM_CONVERSION = YES;
				CLANG_WARN_INT_CONVERSION = YES;
				CLANG_WARN_OBJC_ROOT_CLASS = YES_ERROR;
				CLANG_WARN_UNREACHABLE_CODE = YES;
				CLANG_WARN__DUPLICATE_METHOD_MATCH = YES;
				"CODE_SIGN_IDENTITY[sdk=iphoneos*]" = "iPhone Developer";
				COPY_PHASE_STRIP = NO;
				DEBUG_INFORMATION_FORMAT = dwarf;
				ENABLE_STRICT_OBJC_MSGSEND = YES;
				ENABLE_TESTABILITY = YES;
				GCC_C_LANGUAGE_STANDARD = gnu99;
				GCC_DYNAMIC_NO_PIC = NO;
				GCC_NO_COMMON_BLOCKS = YES;
				GCC_OPTIMIZATION_LEVEL = 0;
				GCC_PREPROCESSOR_DEFINITIONS = (
					"DEBUG=1",
					"$(inherited)",
				);
				GCC_WARN_64_TO_32_BIT_CONVERSION = YES;
				GCC_WARN_ABOUT_RETURN_TYPE = YES_ERROR;
				GCC_WARN_UNDECLARED_SELECTOR = YES;
				GCC_WARN_UNINITIALIZED_AUTOS = YES_AGGRESSIVE;
				GCC_WARN_UNUSED_FUNCTION = YES;
				GCC_WARN_UNUSED_VARIABLE = YES;
				IPHONEOS_DEPLOYMENT_TARGET = 9.3;
				MTL_ENABLE_DEBUG_INFO = YES;
				ONLY_ACTIVE_ARCH = YES;
				SDKROOT = iphoneos;
				SWIFT_OPTIMIZATION_LEVEL = "-Onone";
				TARGETED_DEVICE_FAMILY = "1,2";
			};
			name = Debug;
		};
		BC65F3031D44A17900F5F2A3 /* Release */ = {
			isa = XCBuildConfiguration;
			buildSettings = {
				ALWAYS_SEARCH_USER_PATHS = NO;
				CLANG_ANALYZER_NONNULL = YES;
				CLANG_CXX_LANGUAGE_STANDARD = "gnu++0x";
				CLANG_CXX_LIBRARY = "libc++";
				CLANG_ENABLE_MODULES = YES;
				CLANG_ENABLE_OBJC_ARC = YES;
				CLANG_WARN_BOOL_CONVERSION = YES;
				CLANG_WARN_CONSTANT_CONVERSION = YES;
				CLANG_WARN_DIRECT_OBJC_ISA_USAGE = YES_ERROR;
				CLANG_WARN_EMPTY_BODY = YES;
				CLANG_WARN_ENUM_CONVERSION = YES;
				CLANG_WARN_INT_CONVERSION = YES;
				CLANG_WARN_OBJC_ROOT_CLASS = YES_ERROR;
				CLANG_WARN_UNREACHABLE_CODE = YES;
				CLANG_WARN__DUPLICATE_METHOD_MATCH = YES;
				"CODE_SIGN_IDENTITY[sdk=iphoneos*]" = "iPhone Developer";
				COPY_PHASE_STRIP = NO;
				DEBUG_INFORMATION_FORMAT = "dwarf-with-dsym";
				ENABLE_NS_ASSERTIONS = NO;
				ENABLE_STRICT_OBJC_MSGSEND = YES;
				GCC_C_LANGUAGE_STANDARD = gnu99;
				GCC_NO_COMMON_BLOCKS = YES;
				GCC_WARN_64_TO_32_BIT_CONVERSION = YES;
				GCC_WARN_ABOUT_RETURN_TYPE = YES_ERROR;
				GCC_WARN_UNDECLARED_SELECTOR = YES;
				GCC_WARN_UNINITIALIZED_AUTOS = YES_AGGRESSIVE;
				GCC_WARN_UNUSED_FUNCTION = YES;
				GCC_WARN_UNUSED_VARIABLE = YES;
				IPHONEOS_DEPLOYMENT_TARGET = 9.3;
				MTL_ENABLE_DEBUG_INFO = NO;
				SDKROOT = iphoneos;
				TARGETED_DEVICE_FAMILY = "1,2";
				VALIDATE_PRODUCT = YES;
			};
			name = Release;
		};
		BC65F3051D44A17900F5F2A3 /* Debug */ = {
			isa = XCBuildConfiguration;
			buildSettings = {
				ASSETCATALOG_COMPILER_APPICON_NAME = AppIcon;
				INFOPLIST_FILE = f03/Info.plist;
				LD_RUNPATH_SEARCH_PATHS = "$(inherited) @executable_path/Frameworks";
				PRODUCT_BUNDLE_IDENTIFIER = KDE.f03;
				PRODUCT_NAME = "$(TARGET_NAME)";
			};
			name = Debug;
		};
		BC65F3061D44A17900F5F2A3 /* Release */ = {
			isa = XCBuildConfiguration;
			buildSettings = {
				ASSETCATALOG_COMPILER_APPICON_NAME = AppIcon;
				INFOPLIST_FILE = f03/Info.plist;
				LD_RUNPATH_SEARCH_PATHS = "$(inherited) @executable_path/Frameworks";
				PRODUCT_BUNDLE_IDENTIFIER = KDE.f03;
				PRODUCT_NAME = "$(TARGET_NAME)";
			};
			name = Release;
		};
/* End XCBuildConfiguration section */

/* Begin XCConfigurationList section */
		BC65F2ED1D44A17900F5F2A3 /* Build configuration list for PBXProject "f03" */ = {
			isa = XCConfigurationList;
			buildConfigurations = (
				BC65F3021D44A17900F5F2A3 /* Debug */,
				BC65F3031D44A17900F5F2A3 /* Release */,
			);
			defaultConfigurationIsVisible = 0;
			defaultConfigurationName = Release;
		};
		BC65F3041D44A17900F5F2A3 /* Build configuration list for PBXNativeTarget "f03" */ = {
			isa = XCConfigurationList;
			buildConfigurations = (
				BC65F3051D44A17900F5F2A3 /* Debug */,
				BC65F3061D44A17900F5F2A3 /* Release */,
			);
			defaultConfigurationIsVisible = 0;
		};
/* End XCConfigurationList section */
	};
	rootObject = BC65F2EA1D44A17900F5F2A3 /* Project object */;
}
